PODS:
  - banuba_arcloud (1.0.4):
    - BanubaARCloudSDK (= 1.43.0)
    - BanubaUtilities (= 1.43.0)
    - Flutter
  - banuba_sdk (3.0.4):
    - BNBSdkApi (~> 1.17.0)
    - Flutter
  - BanubaARCloudSDK (1.43.0):
    - BanubaUtilities (= 1.43.0)
  - BanubaUtilities (1.43.0)
  - BNBBackground (1.17.1):
    - BNBEffectPlayer (= 1.17.1)
    - BNBScripting (= 1.17.1)
    - BNBSdkCore (= 1.17.1)
  - BNBEffectPlayer (1.17.1)
  - BNBFaceTracker (1.17.1):
    - BNBEffectPlayer (= 1.17.1)
    - BNBScripting (= 1.17.1)
    - BNBSdkCore (= 1.17.1)
  - BNBLips (1.17.1):
    - BNBEffectPlayer (= 1.17.1)
    - BNBFaceTracker (= 1.17.1)
    - BNBScripting (= 1.17.1)
    - BNBSdkCore (= 1.17.1)
  - BNBScripting (1.17.1)
  - BNBSdkApi (1.17.1):
    - BNBSdkCore (= 1.17.1)
  - BNBSdkCore (1.17.1)
  - BNBSkin (1.17.1):
    - BNBEffectPlayer (= 1.17.1)
    - BNBScripting (= 1.17.1)
    - BNBSdkCore (= 1.17.1)
  - Flutter (1.0.0)
  - fluttertoast (0.0.2):
    - Flutter
  - image_picker_ios (0.0.1):
    - Flutter
  - path_provider_foundation (0.0.1):
    - Flutter
    - FlutterMacOS
  - permission_handler_apple (9.3.0):
    - Flutter

DEPENDENCIES:
  - banuba_arcloud (from `.symlinks/plugins/banuba_arcloud/ios`)
  - banuba_sdk (from `.symlinks/plugins/banuba_sdk/ios`)
  - BNBBackground (~> 1.17.0)
  - BNBFaceTracker (~> 1.17.0)
  - BNBLips (~> 1.17.0)
  - BNBSkin (~> 1.17.0)
  - Flutter (from `Flutter`)
  - fluttertoast (from `.symlinks/plugins/fluttertoast/ios`)
  - image_picker_ios (from `.symlinks/plugins/image_picker_ios/ios`)
  - path_provider_foundation (from `.symlinks/plugins/path_provider_foundation/darwin`)
  - permission_handler_apple (from `.symlinks/plugins/permission_handler_apple/ios`)

SPEC REPOS:
  https://github.com/Banuba/specs.git:
    - BanubaARCloudSDK
    - BanubaUtilities
  https://github.com/sdk-banuba/banuba-sdk-podspecs.git:
    - BNBBackground
    - BNBEffectPlayer
    - BNBFaceTracker
    - BNBLips
    - BNBScripting
    - BNBSdkApi
    - BNBSdkCore
    - BNBSkin

EXTERNAL SOURCES:
  banuba_arcloud:
    :path: ".symlinks/plugins/banuba_arcloud/ios"
  banuba_sdk:
    :path: ".symlinks/plugins/banuba_sdk/ios"
  Flutter:
    :path: Flutter
  fluttertoast:
    :path: ".symlinks/plugins/fluttertoast/ios"
  image_picker_ios:
    :path: ".symlinks/plugins/image_picker_ios/ios"
  path_provider_foundation:
    :path: ".symlinks/plugins/path_provider_foundation/darwin"
  permission_handler_apple:
    :path: ".symlinks/plugins/permission_handler_apple/ios"

SPEC CHECKSUMS:
  banuba_arcloud: 2d32ed9464ab8e89a14d6199b80b0c63c1174348
  banuba_sdk: 40eabec72fb550d93eee2a50c37c69a776b07fe7
  BanubaARCloudSDK: e82c8eb19757b1a8d83167a4985a7eb1f00f80cc
  BanubaUtilities: f32f40d15dc3d363ced801095b43ac8d4280e004
  BNBBackground: e6fb8e5a364bdba5157b0f150abd6eb938e2f7e6
  BNBEffectPlayer: 3badeeeb5ea52177766962001d22a5d9b362f662
  BNBFaceTracker: 0d432b3c4437ca17760e11231e269ca24ca0c5d1
  BNBLips: 56cdc7e23e344fb28c6417624b9d6f378a7466f6
  BNBScripting: d5407811155575ba2998638573277f4553671f3c
  BNBSdkApi: 259d366a1ec48c452115da1048efd342ff67f809
  BNBSdkCore: a86f745456a97ac5507c2331ebf9472a9a2ec2d0
  BNBSkin: 9620b357518cd74c1be7a309db107785b3857882
  Flutter: e0871f40cf51350855a761d2e70bf5af5b9b5de7
  fluttertoast: 2c67e14dce98bbdb200df9e1acf610d7a6264ea1
  image_picker_ios: 7fe1ff8e34c1790d6fff70a32484959f563a928a
  path_provider_foundation: 080d55be775b7414fd5a5ef3ac137b97b097e564
  permission_handler_apple: 4ed2196e43d0651e8ff7ca3483a069d469701f2d

PODFILE CHECKSUM: c45eba47268df0c5fcf70a9c20dfacb88325a8b9

COCOAPODS: 1.16.2
