PODS:
  - banuba_arcloud (0.0.1):
    - BanubaARCloudSDK (= 1.32.1)
    - BanubaUtilities (= 1.32.1)
    - Flutter
  - banuba_sdk (1.9.8):
    - BNBBackground (= 1.9.1)
    - BNBEffectPlayer (= 1.9.1)
    - BNBFaceTracker (= 1.9.1)
    - BNBLips (= 1.9.1)
    - BNBSdkApi (= 1.9.1)
    - BNBSdkCore (= 1.9.1)
    - BNBSkin (= 1.9.1)
    - Flutter
  - BanubaARCloudSDK (1.32.1)
  - BanubaUtilities (1.32.1)
  - BNBBackground (1.9.1):
    - BNBEffectPlayer (= 1.9.1)
    - BNBScripting (= 1.9.1)
    - BNBSdkCore (= 1.9.1)
  - BNBEffectPlayer (1.9.1)
  - BNBFaceTracker (1.9.1):
    - BNBEffectPlayer (= 1.9.1)
    - BNBScripting (= 1.9.1)
    - BNBSdkCore (= 1.9.1)
  - BNBLips (1.9.1):
    - BNBEffectPlayer (= 1.9.1)
    - BNBFaceTracker (= 1.9.1)
    - BNBScripting (= 1.9.1)
    - BNBSdkCore (= 1.9.1)
  - BNBScripting (1.9.1)
  - BNBSdkApi (1.9.1):
    - BNBSdkCore (= 1.9.1)
  - BNBSdkCore (1.9.1)
  - BNBSkin (1.9.1):
    - BNBEffectPlayer (= 1.9.1)
    - BNBScripting (= 1.9.1)
    - BNBSdkCore (= 1.9.1)
  - Flutter (1.0.0)
  - fluttertoast (0.0.2):
    - Flutter
    - Toast
  - image_picker_ios (0.0.1):
    - Flutter
  - path_provider_foundation (0.0.1):
    - Flutter
    - FlutterMacOS
  - permission_handler_apple (9.1.1):
    - Flutter
  - Toast (4.1.0)

DEPENDENCIES:
  - banuba_arcloud (from `.symlinks/plugins/banuba_arcloud/ios`)
  - banuba_sdk (from `.symlinks/plugins/banuba_sdk/ios`)
  - Flutter (from `Flutter`)
  - fluttertoast (from `.symlinks/plugins/fluttertoast/ios`)
  - image_picker_ios (from `.symlinks/plugins/image_picker_ios/ios`)
  - path_provider_foundation (from `.symlinks/plugins/path_provider_foundation/darwin`)
  - permission_handler_apple (from `.symlinks/plugins/permission_handler_apple/ios`)

SPEC REPOS:
  https://github.com/Banuba/specs.git:
    - BanubaARCloudSDK
    - BanubaUtilities
  https://github.com/CocoaPods/Specs.git:
    - Toast
  https://github.com/sdk-banuba/banuba-sdk-podspecs.git:
    - BNBBackground
    - BNBEffectPlayer
    - BNBFaceTracker
    - BNBLips
    - BNBScripting
    - BNBSdkApi
    - BNBSdkCore
    - BNBSkin

EXTERNAL SOURCES:
  banuba_arcloud:
    :path: ".symlinks/plugins/banuba_arcloud/ios"
  banuba_sdk:
    :path: ".symlinks/plugins/banuba_sdk/ios"
  Flutter:
    :path: Flutter
  fluttertoast:
    :path: ".symlinks/plugins/fluttertoast/ios"
  image_picker_ios:
    :path: ".symlinks/plugins/image_picker_ios/ios"
  path_provider_foundation:
    :path: ".symlinks/plugins/path_provider_foundation/darwin"
  permission_handler_apple:
    :path: ".symlinks/plugins/permission_handler_apple/ios"

SPEC CHECKSUMS:
  banuba_arcloud: c12edd8155897f9b9e52d5b1691c2d62468b2227
  banuba_sdk: dc01c6e4b6c9d15dcee1b416d90742b162665e94
  BanubaARCloudSDK: 5ba971329cd3d12bec250b986ad4e126aa1677b9
  BanubaUtilities: ab695033e691b7a0e96e10e2c7977b3395f89e7a
  BNBBackground: 3b81cb87c62fb069dc74b35e72f942811d4046e4
  BNBEffectPlayer: dd3a81ed8040027d448be65feb18d1a6440f24c8
  BNBFaceTracker: 478c111abd77837163f8610b7f0466f622dce8e5
  BNBLips: 880cbe24aa926f2b1ae2afb2bd8c5100ed0476c6
  BNBScripting: 0d5efd7a28e2a3d29ed1f42a4e672e801b3a514e
  BNBSdkApi: 84dde4fc542ed2069974badf91202c2df585e576
  BNBSdkCore: a2f0a17be9c24ccf28cf5ea5135cba418d3544d4
  BNBSkin: 1fdc110aaee047fd9b20a17e6970e45379f2f37b
  Flutter: f04841e97a9d0b0a8025694d0796dd46242b2854
  fluttertoast: 31b00dabfa7fb7bacd9e7dbee580d7a2ff4bf265
  image_picker_ios: 4a8aadfbb6dc30ad5141a2ce3832af9214a705b5
  path_provider_foundation: 29f094ae23ebbca9d3d0cec13889cd9060c0e943
  permission_handler_apple: e76247795d700c14ea09e3a2d8855d41ee80a2e6
  Toast: ec33c32b8688982cecc6348adeae667c1b9938da

PODFILE CHECKSUM: 5f9cffd3fc89ddbbcfb83b1e9902afb6f1369b9a

COCOAPODS: 1.14.2
